// !$*UTF8*$!
{
	archiveVersion = 1;
	classes = {
	};
	objectVersion = 46;
	objects = {

/* Begin PBXBuildFile section */
		18326FAB180AFB12005F8A08 /* Foundation.framework in Frameworks */ = {isa = PBXBuildFile; fileRef = 18326FAA180AFB12005F8A08 /* Foundation.framework */; };
		18326FAD180AFB12005F8A08 /* CoreGraphics.framework in Frameworks */ = {isa = PBXBuildFile; fileRef = 18326FAC180AFB12005F8A08 /* CoreGraphics.framework */; };
		18326FAF180AFB12005F8A08 /* UIKit.framework in Frameworks */ = {isa = PBXBuildFile; fileRef = 18326FAE180AFB12005F8A08 /* UIKit.framework */; };
		18326FB5180AFB12005F8A08 /* InfoPlist.strings in Resources */ = {isa = PBXBuildFile; fileRef = 18326FB3180AFB12005F8A08 /* InfoPlist.strings */; };
		18326FB7180AFB12005F8A08 /* main.m in Sources */ = {isa = PBXBuildFile; fileRef = 18326FB6180AFB12005F8A08 /* main.m */; };
		18326FBB180AFB12005F8A08 /* AppDelegate.m in Sources */ = {isa = PBXBuildFile; fileRef = 18326FBA180AFB12005F8A08 /* AppDelegate.m */; };
		18326FBE180AFB12005F8A08 /* Main_iPhone.storyboard in Resources */ = {isa = PBXBuildFile; fileRef = 18326FBC180AFB12005F8A08 /* Main_iPhone.storyboard */; };
		18326FC1180AFB12005F8A08 /* Main_iPad.storyboard in Resources */ = {isa = PBXBuildFile; fileRef = 18326FBF180AFB12005F8A08 /* Main_iPad.storyboard */; };
		18326FC4180AFB12005F8A08 /* ViewController.m in Sources */ = {isa = PBXBuildFile; fileRef = 18326FC3180AFB12005F8A08 /* ViewController.m */; };
		18326FC6180AFB12005F8A08 /* Images.xcassets in Resources */ = {isa = PBXBuildFile; fileRef = 18326FC5180AFB12005F8A08 /* Images.xcassets */; };
		18326FCD180AFB12005F8A08 /* XCTest.framework in Frameworks */ = {isa = PBXBuildFile; fileRef = 18326FCC180AFB12005F8A08 /* XCTest.framework */; };
		18326FCE180AFB12005F8A08 /* Foundation.framework in Frameworks */ = {isa = PBXBuildFile; fileRef = 18326FAA180AFB12005F8A08 /* Foundation.framework */; };
		18326FCF180AFB12005F8A08 /* UIKit.framework in Frameworks */ = {isa = PBXBuildFile; fileRef = 18326FAE180AFB12005F8A08 /* UIKit.framework */; };
		18326FD7180AFB12005F8A08 /* InfoPlist.strings in Resources */ = {isa = PBXBuildFile; fileRef = 18326FD5180AFB12005F8A08 /* InfoPlist.strings */; };
		18326FD9180AFB12005F8A08 /* ProjectCalculatorTests.m in Sources */ = {isa = PBXBuildFile; fileRef = 18326FD8180AFB12005F8A08 /* ProjectCalculatorTests.m */; };
		18327026180AFC59005F8A08 /* libCalculatorLib.a in Frameworks */ = {isa = PBXBuildFile; fileRef = 1832701A180AFB35005F8A08 /* libCalculatorLib.a */; };
		18327063180B0310005F8A08 /* libCalculatorLibC.a in Frameworks */ = {isa = PBXBuildFile; fileRef = 18327060180B0301005F8A08 /* libCalculatorLibC.a */; };
/* End PBXBuildFile section */

/* Begin PBXContainerItemProxy section */
		18326FD0180AFB12005F8A08 /* PBXContainerItemProxy */ = {
			isa = PBXContainerItemProxy;
			containerPortal = 18326F9F180AFB12005F8A08 /* Project object */;
			proxyType = 1;
			remoteGlobalIDString = 18326FA6180AFB12005F8A08;
			remoteInfo = ProjectCalculator;
		};
		18327019180AFB35005F8A08 /* PBXContainerItemProxy */ = {
			isa = PBXContainerItemProxy;
			containerPortal = 18327014180AFB34005F8A08 /* CalculatorLib.xcodeproj */;
			proxyType = 2;
			remoteGlobalIDString = 18326FEB180AFB34005F8A08;
			remoteInfo = CalculatorLib;
		};
		1832701B180AFB35005F8A08 /* PBXContainerItemProxy */ = {
			isa = PBXContainerItemProxy;
			containerPortal = 18327014180AFB34005F8A08 /* CalculatorLib.xcodeproj */;
			proxyType = 2;
			remoteGlobalIDString = 18326FFB180AFB34005F8A08;
			remoteInfo = CalculatorLibTests;
		};
		1832705F180B0301005F8A08 /* PBXContainerItemProxy */ = {
			isa = PBXContainerItemProxy;
			containerPortal = 1832705A180B0301005F8A08 /* CalculatorLibC.xcodeproj */;
			proxyType = 2;
			remoteGlobalIDString = 18327031180B0300005F8A08;
			remoteInfo = CalculatorLibC;
		};
		18327061180B0301005F8A08 /* PBXContainerItemProxy */ = {
			isa = PBXContainerItemProxy;
			containerPortal = 1832705A180B0301005F8A08 /* CalculatorLibC.xcodeproj */;
			proxyType = 2;
			remoteGlobalIDString = 18327041180B0301005F8A08;
			remoteInfo = CalculatorLibCTests;
		};
/* End PBXContainerItemProxy section */

/* Begin PBXFileReference section */
		18326FA7180AFB12005F8A08 /* ProjectCalculator.app */ = {isa = PBXFileReference; explicitFileType = wrapper.application; includeInIndex = 0; path = ProjectCalculator.app; sourceTree = BUILT_PRODUCTS_DIR; };
		18326FAA180AFB12005F8A08 /* Foundation.framework */ = {isa = PBXFileReference; lastKnownFileType = wrapper.framework; name = Foundation.framework; path = System/Library/Frameworks/Foundation.framework; sourceTree = SDKROOT; };
		18326FAC180AFB12005F8A08 /* CoreGraphics.framework */ = {isa = PBXFileReference; lastKnownFileType = wrapper.framework; name = CoreGraphics.framework; path = System/Library/Frameworks/CoreGraphics.framework; sourceTree = SDKROOT; };
		18326FAE180AFB12005F8A08 /* UIKit.framework */ = {isa = PBXFileReference; lastKnownFileType = wrapper.framework; name = UIKit.framework; path = System/Library/Frameworks/UIKit.framework; sourceTree = SDKROOT; };
		18326FB2180AFB12005F8A08 /* ProjectCalculator-Info.plist */ = {isa = PBXFileReference; lastKnownFileType = text.plist.xml; path = "ProjectCalculator-Info.plist"; sourceTree = "<group>"; };
		18326FB4180AFB12005F8A08 /* en */ = {isa = PBXFileReference; lastKnownFileType = text.plist.strings; name = en; path = en.lproj/InfoPlist.strings; sourceTree = "<group>"; };
		18326FB6180AFB12005F8A08 /* main.m */ = {isa = PBXFileReference; lastKnownFileType = sourcecode.c.objc; path = main.m; sourceTree = "<group>"; };
		18326FB8180AFB12005F8A08 /* ProjectCalculator-Prefix.pch */ = {isa = PBXFileReference; lastKnownFileType = sourcecode.c.h; path = "ProjectCalculator-Prefix.pch"; sourceTree = "<group>"; };
		18326FB9180AFB12005F8A08 /* AppDelegate.h */ = {isa = PBXFileReference; lastKnownFileType = sourcecode.c.h; path = AppDelegate.h; sourceTree = "<group>"; };
		18326FBA180AFB12005F8A08 /* AppDelegate.m */ = {isa = PBXFileReference; lastKnownFileType = sourcecode.c.objc; path = AppDelegate.m; sourceTree = "<group>"; };
		18326FBD180AFB12005F8A08 /* Base */ = {isa = PBXFileReference; lastKnownFileType = file.storyboard; name = Base; path = Base.lproj/Main_iPhone.storyboard; sourceTree = "<group>"; };
		18326FC0180AFB12005F8A08 /* Base */ = {isa = PBXFileReference; lastKnownFileType = file.storyboard; name = Base; path = Base.lproj/Main_iPad.storyboard; sourceTree = "<group>"; };
		18326FC2180AFB12005F8A08 /* ViewController.h */ = {isa = PBXFileReference; lastKnownFileType = sourcecode.c.h; path = ViewController.h; sourceTree = "<group>"; };
		18326FC3180AFB12005F8A08 /* ViewController.m */ = {isa = PBXFileReference; lastKnownFileType = sourcecode.c.objc; path = ViewController.m; sourceTree = "<group>"; };
		18326FC5180AFB12005F8A08 /* Images.xcassets */ = {isa = PBXFileReference; lastKnownFileType = folder.assetcatalog; path = Images.xcassets; sourceTree = "<group>"; };
		18326FCB180AFB12005F8A08 /* ProjectCalculatorTests.xctest */ = {isa = PBXFileReference; explicitFileType = wrapper.cfbundle; includeInIndex = 0; path = ProjectCalculatorTests.xctest; sourceTree = BUILT_PRODUCTS_DIR; };
		18326FCC180AFB12005F8A08 /* XCTest.framework */ = {isa = PBXFileReference; lastKnownFileType = wrapper.framework; name = XCTest.framework; path = Library/Frameworks/XCTest.framework; sourceTree = DEVELOPER_DIR; };
		18326FD4180AFB12005F8A08 /* ProjectCalculatorTests-Info.plist */ = {isa = PBXFileReference; lastKnownFileType = text.plist.xml; path = "ProjectCalculatorTests-Info.plist"; sourceTree = "<group>"; };
		18326FD6180AFB12005F8A08 /* en */ = {isa = PBXFileReference; lastKnownFileType = text.plist.strings; name = en; path = en.lproj/InfoPlist.strings; sourceTree = "<group>"; };
		18326FD8180AFB12005F8A08 /* ProjectCalculatorTests.m */ = {isa = PBXFileReference; lastKnownFileType = sourcecode.c.objc; path = ProjectCalculatorTests.m; sourceTree = "<group>"; };
		18327014180AFB34005F8A08 /* CalculatorLib.xcodeproj */ = {isa = PBXFileReference; lastKnownFileType = "wrapper.pb-project"; name = CalculatorLib.xcodeproj; path = CalculatorLib/CalculatorLib.xcodeproj; sourceTree = "<group>"; };
		1832705A180B0301005F8A08 /* CalculatorLibC.xcodeproj */ = {isa = PBXFileReference; lastKnownFileType = "wrapper.pb-project"; name = CalculatorLibC.xcodeproj; path = CalculatorLibC/CalculatorLibC.xcodeproj; sourceTree = "<group>"; };
/* End PBXFileReference section */

/* Begin PBXFrameworksBuildPhase section */
		18326FA4180AFB12005F8A08 /* Frameworks */ = {
			isa = PBXFrameworksBuildPhase;
			buildActionMask = 2147483647;
			files = (
				18327063180B0310005F8A08 /* libCalculatorLibC.a in Frameworks */,
				18327026180AFC59005F8A08 /* libCalculatorLib.a in Frameworks */,
				18326FAD180AFB12005F8A08 /* CoreGraphics.framework in Frameworks */,
				18326FAF180AFB12005F8A08 /* UIKit.framework in Frameworks */,
				18326FAB180AFB12005F8A08 /* Foundation.framework in Frameworks */,
			);
			runOnlyForDeploymentPostprocessing = 0;
		};
		18326FC8180AFB12005F8A08 /* Frameworks */ = {
			isa = PBXFrameworksBuildPhase;
			buildActionMask = 2147483647;
			files = (
				18326FCD180AFB12005F8A08 /* XCTest.framework in Frameworks */,
				18326FCF180AFB12005F8A08 /* UIKit.framework in Frameworks */,
				18326FCE180AFB12005F8A08 /* Foundation.framework in Frameworks */,
			);
			runOnlyForDeploymentPostprocessing = 0;
		};
/* End PBXFrameworksBuildPhase section */

/* Begin PBXGroup section */
		18326F9E180AFB12005F8A08 = {
			isa = PBXGroup;
			children = (
				18326FB0180AFB12005F8A08 /* ProjectCalculator */,
				18326FD2180AFB12005F8A08 /* ProjectCalculatorTests */,
				18326FA9180AFB12005F8A08 /* Frameworks */,
				18326FA8180AFB12005F8A08 /* Products */,
				1832705A180B0301005F8A08 /* CalculatorLibC.xcodeproj */,
				18327014180AFB34005F8A08 /* CalculatorLib.xcodeproj */,
			);
			sourceTree = "<group>";
		};
		18326FA8180AFB12005F8A08 /* Products */ = {
			isa = PBXGroup;
			children = (
				18326FA7180AFB12005F8A08 /* ProjectCalculator.app */,
				18326FCB180AFB12005F8A08 /* ProjectCalculatorTests.xctest */,
			);
			name = Products;
			sourceTree = "<group>";
		};
		18326FA9180AFB12005F8A08 /* Frameworks */ = {
			isa = PBXGroup;
			children = (
				18326FAA180AFB12005F8A08 /* Foundation.framework */,
				18326FAC180AFB12005F8A08 /* CoreGraphics.framework */,
				18326FAE180AFB12005F8A08 /* UIKit.framework */,
				18326FCC180AFB12005F8A08 /* XCTest.framework */,
			);
			name = Frameworks;
			sourceTree = "<group>";
		};
		18326FB0180AFB12005F8A08 /* ProjectCalculator */ = {
			isa = PBXGroup;
			children = (
				18326FB9180AFB12005F8A08 /* AppDelegate.h */,
				18326FBA180AFB12005F8A08 /* AppDelegate.m */,
				18326FBC180AFB12005F8A08 /* Main_iPhone.storyboard */,
				18326FBF180AFB12005F8A08 /* Main_iPad.storyboard */,
				18326FC2180AFB12005F8A08 /* ViewController.h */,
				18326FC3180AFB12005F8A08 /* ViewController.m */,
				18326FC5180AFB12005F8A08 /* Images.xcassets */,
				18326FB1180AFB12005F8A08 /* Supporting Files */,
			);
			path = ProjectCalculator;
			sourceTree = "<group>";
		};
		18326FB1180AFB12005F8A08 /* Supporting Files */ = {
			isa = PBXGroup;
			children = (
				18326FB2180AFB12005F8A08 /* ProjectCalculator-Info.plist */,
				18326FB3180AFB12005F8A08 /* InfoPlist.strings */,
				18326FB6180AFB12005F8A08 /* main.m */,
				18326FB8180AFB12005F8A08 /* ProjectCalculator-Prefix.pch */,
			);
			name = "Supporting Files";
			sourceTree = "<group>";
		};
		18326FD2180AFB12005F8A08 /* ProjectCalculatorTests */ = {
			isa = PBXGroup;
			children = (
				18326FD8180AFB12005F8A08 /* ProjectCalculatorTests.m */,
				18326FD3180AFB12005F8A08 /* Supporting Files */,
			);
			path = ProjectCalculatorTests;
			sourceTree = "<group>";
		};
		18326FD3180AFB12005F8A08 /* Supporting Files */ = {
			isa = PBXGroup;
			children = (
				18326FD4180AFB12005F8A08 /* ProjectCalculatorTests-Info.plist */,
				18326FD5180AFB12005F8A08 /* InfoPlist.strings */,
			);
			name = "Supporting Files";
			sourceTree = "<group>";
		};
		18327015180AFB34005F8A08 /* Products */ = {
			isa = PBXGroup;
			children = (
				1832701A180AFB35005F8A08 /* libCalculatorLib.a */,
				1832701C180AFB35005F8A08 /* CalculatorLibTests.xctest */,
			);
			name = Products;
			sourceTree = "<group>";
		};
		1832705B180B0301005F8A08 /* Products */ = {
			isa = PBXGroup;
			children = (
				18327060180B0301005F8A08 /* libCalculatorLibC.a */,
				18327062180B0301005F8A08 /* CalculatorLibCTests.xctest */,
			);
			name = Products;
			sourceTree = "<group>";
		};
/* End PBXGroup section */

/* Begin PBXNativeTarget section */
		18326FA6180AFB12005F8A08 /* ProjectCalculator */ = {
			isa = PBXNativeTarget;
			buildConfigurationList = 18326FDC180AFB12005F8A08 /* Build configuration list for PBXNativeTarget "ProjectCalculator" */;
			buildPhases = (
				18326FA3180AFB12005F8A08 /* Sources */,
				18326FA4180AFB12005F8A08 /* Frameworks */,
				18326FA5180AFB12005F8A08 /* Resources */,
			);
			buildRules = (
			);
			dependencies = (
			);
			name = ProjectCalculator;
			productName = ProjectCalculator;
			productReference = 18326FA7180AFB12005F8A08 /* ProjectCalculator.app */;
			productType = "com.apple.product-type.application";
		};
		18326FCA180AFB12005F8A08 /* ProjectCalculatorTests */ = {
			isa = PBXNativeTarget;
			buildConfigurationList = 18326FDF180AFB12005F8A08 /* Build configuration list for PBXNativeTarget "ProjectCalculatorTests" */;
			buildPhases = (
				18326FC7180AFB12005F8A08 /* Sources */,
				18326FC8180AFB12005F8A08 /* Frameworks */,
				18326FC9180AFB12005F8A08 /* Resources */,
			);
			buildRules = (
			);
			dependencies = (
				18326FD1180AFB12005F8A08 /* PBXTargetDependency */,
			);
			name = ProjectCalculatorTests;
			productName = ProjectCalculatorTests;
			productReference = 18326FCB180AFB12005F8A08 /* ProjectCalculatorTests.xctest */;
			productType = "com.apple.product-type.bundle.unit-test";
		};
/* End PBXNativeTarget section */

/* Begin PBXProject section */
		18326F9F180AFB12005F8A08 /* Project object */ = {
			isa = PBXProject;
			attributes = {
				LastUpgradeCheck = 0500;
				ORGANIZATIONNAME = Apple;
				TargetAttributes = {
					18326FCA180AFB12005F8A08 = {
						TestTargetID = 18326FA6180AFB12005F8A08;
					};
				};
			};
			buildConfigurationList = 18326FA2180AFB12005F8A08 /* Build configuration list for PBXProject "ProjectCalculator" */;
			compatibilityVersion = "Xcode 3.2";
			developmentRegion = English;
			hasScannedForEncodings = 0;
			knownRegions = (
				en,
				Base,
			);
			mainGroup = 18326F9E180AFB12005F8A08;
			productRefGroup = 18326FA8180AFB12005F8A08 /* Products */;
			projectDirPath = "";
			projectReferences = (
				{
					ProductGroup = 18327015180AFB34005F8A08 /* Products */;
					ProjectRef = 18327014180AFB34005F8A08 /* CalculatorLib.xcodeproj */;
				},
				{
					ProductGroup = 1832705B180B0301005F8A08 /* Products */;
					ProjectRef = 1832705A180B0301005F8A08 /* CalculatorLibC.xcodeproj */;
				},
			);
			projectRoot = "";
			targets = (
				18326FA6180AFB12005F8A08 /* ProjectCalculator */,
				18326FCA180AFB12005F8A08 /* ProjectCalculatorTests */,
			);
		};
/* End PBXProject section */

/* Begin PBXReferenceProxy section */
		1832701A180AFB35005F8A08 /* libCalculatorLib.a */ = {
			isa = PBXReferenceProxy;
			fileType = archive.ar;
			path = libCalculatorLib.a;
			remoteRef = 18327019180AFB35005F8A08 /* PBXContainerItemProxy */;
			sourceTree = BUILT_PRODUCTS_DIR;
		};
		1832701C180AFB35005F8A08 /* CalculatorLibTests.xctest */ = {
			isa = PBXReferenceProxy;
			fileType = wrapper.cfbundle;
			path = CalculatorLibTests.xctest;
			remoteRef = 1832701B180AFB35005F8A08 /* PBXContainerItemProxy */;
			sourceTree = BUILT_PRODUCTS_DIR;
		};
		18327060180B0301005F8A08 /* libCalculatorLibC.a */ = {
			isa = PBXReferenceProxy;
			fileType = archive.ar;
			path = libCalculatorLibC.a;
			remoteRef = 1832705F180B0301005F8A08 /* PBXContainerItemProxy */;
			sourceTree = BUILT_PRODUCTS_DIR;
		};
		18327062180B0301005F8A08 /* CalculatorLibCTests.xctest */ = {
			isa = PBXReferenceProxy;
			fileType = wrapper.cfbundle;
			path = CalculatorLibCTests.xctest;
			remoteRef = 18327061180B0301005F8A08 /* PBXContainerItemProxy */;
			sourceTree = BUILT_PRODUCTS_DIR;
		};
/* End PBXReferenceProxy section */

/* Begin PBXResourcesBuildPhase section */
		18326FA5180AFB12005F8A08 /* Resources */ = {
			isa = PBXResourcesBuildPhase;
			buildActionMask = 2147483647;
			files = (
				18326FC1180AFB12005F8A08 /* Main_iPad.storyboard in Resources */,
				18326FC6180AFB12005F8A08 /* Images.xcassets in Resources */,
				18326FBE180AFB12005F8A08 /* Main_iPhone.storyboard in Resources */,
				18326FB5180AFB12005F8A08 /* InfoPlist.strings in Resources */,
			);
			runOnlyForDeploymentPostprocessing = 0;
		};
		18326FC9180AFB12005F8A08 /* Resources */ = {
			isa = PBXResourcesBuildPhase;
			buildActionMask = 2147483647;
			files = (
				18326FD7180AFB12005F8A08 /* InfoPlist.strings in Resources */,
			);
			runOnlyForDeploymentPostprocessing = 0;
		};
/* End PBXResourcesBuildPhase section */

/* Begin PBXSourcesBuildPhase section */
		18326FA3180AFB12005F8A08 /* Sources */ = {
			isa = PBXSourcesBuildPhase;
			buildActionMask = 2147483647;
			files = (
				18326FC4180AFB12005F8A08 /* ViewController.m in Sources */,
				18326FBB180AFB12005F8A08 /* AppDelegate.m in Sources */,
				18326FB7180AFB12005F8A08 /* main.m in Sources */,
			);
			runOnlyForDeploymentPostprocessing = 0;
		};
		18326FC7180AFB12005F8A08 /* Sources */ = {
			isa = PBXSourcesBuildPhase;
			buildActionMask = 2147483647;
			files = (
				18326FD9180AFB12005F8A08 /* ProjectCalculatorTests.m in Sources */,
			);
			runOnlyForDeploymentPostprocessing = 0;
		};
/* End PBXSourcesBuildPhase section */

/* Begin PBXTargetDependency section */
		18326FD1180AFB12005F8A08 /* PBXTargetDependency */ = {
			isa = PBXTargetDependency;
			target = 18326FA6180AFB12005F8A08 /* ProjectCalculator */;
			targetProxy = 18326FD0180AFB12005F8A08 /* PBXContainerItemProxy */;
		};
/* End PBXTargetDependency section */

/* Begin PBXVariantGroup section */
		18326FB3180AFB12005F8A08 /* InfoPlist.strings */ = {
			isa = PBXVariantGroup;
			children = (
				18326FB4180AFB12005F8A08 /* en */,
			);
			name = InfoPlist.strings;
			sourceTree = "<group>";
		};
		18326FBC180AFB12005F8A08 /* Main_iPhone.storyboard */ = {
			isa = PBXVariantGroup;
			children = (
				18326FBD180AFB12005F8A08 /* Base */,
			);
			name = Main_iPhone.storyboard;
			sourceTree = "<group>";
		};
		18326FBF180AFB12005F8A08 /* Main_iPad.storyboard */ = {
			isa = PBXVariantGroup;
			children = (
				18326FC0180AFB12005F8A08 /* Base */,
			);
			name = Main_iPad.storyboard;
			sourceTree = "<group>";
		};
		18326FD5180AFB12005F8A08 /* InfoPlist.strings */ = {
			isa = PBXVariantGroup;
			children = (
				18326FD6180AFB12005F8A08 /* en */,
			);
			name = InfoPlist.strings;
			sourceTree = "<group>";
		};
/* End PBXVariantGroup section */

/* Begin XCBuildConfiguration section */
		18326FDA180AFB12005F8A08 /* Debug */ = {
			isa = XCBuildConfiguration;
			buildSettings = {
				ALWAYS_SEARCH_USER_PATHS = NO;
				ARCHS = "$(ARCHS_STANDARD_INCLUDING_64_BIT)";
				CLANG_CXX_LANGUAGE_STANDARD = "gnu++0x";
				CLANG_CXX_LIBRARY = "libc++";
				CLANG_ENABLE_MODULES = YES;
				CLANG_ENABLE_OBJC_ARC = YES;
				CLANG_WARN_BOOL_CONVERSION = YES;
				CLANG_WARN_CONSTANT_CONVERSION = YES;
				CLANG_WARN_DIRECT_OBJC_ISA_USAGE = YES_ERROR;
				CLANG_WARN_EMPTY_BODY = YES;
				CLANG_WARN_ENUM_CONVERSION = YES;
				CLANG_WARN_INT_CONVERSION = YES;
				CLANG_WARN_OBJC_ROOT_CLASS = YES_ERROR;
				CLANG_WARN__DUPLICATE_METHOD_MATCH = YES;
				"CODE_SIGN_IDENTITY[sdk=iphoneos*]" = "iPhone Developer";
				COPY_PHASE_STRIP = NO;
				GCC_C_LANGUAGE_STANDARD = gnu99;
				GCC_DYNAMIC_NO_PIC = NO;
				GCC_OPTIMIZATION_LEVEL = 0;
				GCC_PREPROCESSOR_DEFINITIONS = (
					"DEBUG=1",
					"$(inherited)",
				);
				GCC_SYMBOLS_PRIVATE_EXTERN = NO;
				GCC_WARN_64_TO_32_BIT_CONVERSION = YES;
				GCC_WARN_ABOUT_RETURN_TYPE = YES_ERROR;
				GCC_WARN_UNDECLARED_SELECTOR = YES;
				GCC_WARN_UNINITIALIZED_AUTOS = YES;
				GCC_WARN_UNUSED_FUNCTION = YES;
				GCC_WARN_UNUSED_VARIABLE = YES;
				IPHONEOS_DEPLOYMENT_TARGET = 7.0;
				ONLY_ACTIVE_ARCH = YES;
				SDKROOT = iphoneos;
				TARGETED_DEVICE_FAMILY = "1,2";
			};
			name = Debug;
		};
		18326FDB180AFB12005F8A08 /* Release */ = {
			isa = XCBuildConfiguration;
			buildSettings = {
				ALWAYS_SEARCH_USER_PATHS = NO;
				ARCHS = "$(ARCHS_STANDARD_INCLUDING_64_BIT)";
				CLANG_CXX_LANGUAGE_STANDARD = "gnu++0x";
				CLANG_CXX_LIBRARY = "libc++";
				CLANG_ENABLE_MODULES = YES;
				CLANG_ENABLE_OBJC_ARC = YES;
				CLANG_WARN_BOOL_CONVERSION = YES;
				CLANG_WARN_CONSTANT_CONVERSION = YES;
				CLANG_WARN_DIRECT_OBJC_ISA_USAGE = YES_ERROR;
				CLANG_WARN_EMPTY_BODY = YES;
				CLANG_WARN_ENUM_CONVERSION = YES;
				CLANG_WARN_INT_CONVERSION = YES;
				CLANG_WARN_OBJC_ROOT_CLASS = YES_ERROR;
				CLANG_WARN__DUPLICATE_METHOD_MATCH = YES;
				"CODE_SIGN_IDENTITY[sdk=iphoneos*]" = "iPhone Developer";
				COPY_PHASE_STRIP = YES;
				ENABLE_NS_ASSERTIONS = NO;
				GCC_C_LANGUAGE_STANDARD = gnu99;
				GCC_WARN_64_TO_32_BIT_CONVERSION = YES;
				GCC_WARN_ABOUT_RETURN_TYPE = YES_ERROR;
				GCC_WARN_UNDECLARED_SELECTOR = YES;
				GCC_WARN_UNINITIALIZED_AUTOS = YES;
				GCC_WARN_UNUSED_FUNCTION = YES;
				GCC_WARN_UNUSED_VARIABLE = YES;
				IPHONEOS_DEPLOYMENT_TARGET = 7.0;
				SDKROOT = iphoneos;
				TARGETED_DEVICE_FAMILY = "1,2";
				VALIDATE_PRODUCT = YES;
			};
			name = Release;
		};
		18326FDD180AFB12005F8A08 /* Debug */ = {
			isa = XCBuildConfiguration;
			buildSettings = {
				ALWAYS_SEARCH_USER_PATHS = YES;
				ASSETCATALOG_COMPILER_APPICON_NAME = AppIcon;
				ASSETCATALOG_COMPILER_LAUNCHIMAGE_NAME = LaunchImage;
				GCC_PRECOMPILE_PREFIX_HEADER = YES;
				GCC_PREFIX_HEADER = "ProjectCalculator/ProjectCalculator-Prefix.pch";
				INFOPLIST_FILE = "ProjectCalculator/ProjectCalculator-Info.plist";
				PRODUCT_NAME = "$(TARGET_NAME)";
				USER_HEADER_SEARCH_PATHS = "${SRCROOT}/../**";
				WRAPPER_EXTENSION = app;
			};
			name = Debug;
		};
		18326FDE180AFB12005F8A08 /* Release */ = {
			isa = XCBuildConfiguration;
			buildSettings = {
				ALWAYS_SEARCH_USER_PATHS = YES;
				ASSETCATALOG_COMPILER_APPICON_NAME = AppIcon;
				ASSETCATALOG_COMPILER_LAUNCHIMAGE_NAME = LaunchImage;
				GCC_PRECOMPILE_PREFIX_HEADER = YES;
				GCC_PREFIX_HEADER = "ProjectCalculator/ProjectCalculator-Prefix.pch";
				INFOPLIST_FILE = "ProjectCalculator/ProjectCalculator-Info.plist";
				PRODUCT_NAME = "$(TARGET_NAME)";
				USER_HEADER_SEARCH_PATHS = "${SRCROOT}/../**";
				WRAPPER_EXTENSION = app;
			};
			name = Release;
		};
		18326FE0180AFB12005F8A08 /* Debug */ = {
			isa = XCBuildConfiguration;
			buildSettings = {
				ARCHS = "$(ARCHS_STANDARD_INCLUDING_64_BIT)";
				BUNDLE_LOADER = "$(BUILT_PRODUCTS_DIR)/ProjectCalculator.app/ProjectCalculator";
				FRAMEWORK_SEARCH_PATHS = (
					"$(SDKROOT)/Developer/Library/Frameworks",
					"$(inherited)",
					"$(DEVELOPER_FRAMEWORKS_DIR)",
				);
				GCC_PRECOMPILE_PREFIX_HEADER = YES;
				GCC_PREFIX_HEADER = "ProjectCalculator/ProjectCalculator-Prefix.pch";
				GCC_PREPROCESSOR_DEFINITIONS = (
					"DEBUG=1",
					"$(inherited)",
				);
				INFOPLIST_FILE = "ProjectCalculatorTests/ProjectCalculatorTests-Info.plist";
				PRODUCT_NAME = "$(TARGET_NAME)";
				TEST_HOST = "$(BUNDLE_LOADER)";
				WRAPPER_EXTENSION = xctest;
			};
			name = Debug;
		};
		18326FE1180AFB12005F8A08 /* Release */ = {
			isa = XCBuildConfiguration;
			buildSettings = {
				ARCHS = "$(ARCHS_STANDARD_INCLUDING_64_BIT)";
				BUNDLE_LOADER = "$(BUILT_PRODUCTS_DIR)/ProjectCalculator.app/ProjectCalculator";
				FRAMEWORK_SEARCH_PATHS = (
					"$(SDKROOT)/Developer/Library/Frameworks",
					"$(inherited)",
					"$(DEVELOPER_FRAMEWORKS_DIR)",
				);
				GCC_PRECOMPILE_PREFIX_HEADER = YES;
				GCC_PREFIX_HEADER = "ProjectCalculator/ProjectCalculator-Prefix.pch";
				INFOPLIST_FILE = "ProjectCalculatorTests/ProjectCalculatorTests-Info.plist";
				PRODUCT_NAME = "$(TARGET_NAME)";
				TEST_HOST = "$(BUNDLE_LOADER)";
				WRAPPER_EXTENSION = xctest;
			};
			name = Release;
		};
/* End XCBuildConfiguration section */

/* Begin XCConfigurationList section */
		18326FA2180AFB12005F8A08 /* Build configuration list for PBXProject "ProjectCalculator" */ = {
			isa = XCConfigurationList;
			buildConfigurations = (
				18326FDA180AFB12005F8A08 /* Debug */,
				18326FDB180AFB12005F8A08 /* Release */,
			);
			defaultConfigurationIsVisible = 0;
			defaultConfigurationName = Release;
		};
		18326FDC180AFB12005F8A08 /* Build configuration list for PBXNativeTarget "ProjectCalculator" */ = {
			isa = XCConfigurationList;
			buildConfigurations = (
				18326FDD180AFB12005F8A08 /* Debug */,
				18326FDE180AFB12005F8A08 /* Release */,
			);
			defaultConfigurationIsVisible = 0;
		};
		18326FDF180AFB12005F8A08 /* Build configuration list for PBXNativeTarget "ProjectCalculatorTests" */ = {
			isa = XCConfigurationList;
			buildConfigurations = (
				18326FE0180AFB12005F8A08 /* Debug */,
				18326FE1180AFB12005F8A08 /* Release */,
			);
			defaultConfigurationIsVisible = 0;
		};
/* End XCConfigurationList section */
	};
	rootObject = 18326F9F180AFB12005F8A08 /* Project object */;
}
